// !$*UTF8*$!
{
	archiveVersion = 1;
	classes = {
	};
	objectVersion = 56;
	objects = {

/* Begin PBXBuildFile section */
		F50BE0712AA6503A00DD465A /* PayoutView.swift in Sources */ = {isa = PBXBuildFile; fileRef = F50BE0702AA6503A00DD465A /* PayoutView.swift */; };
		F50BE0742AA658AB00DD465A /* TransactionView.swift in Sources */ = {isa = PBXBuildFile; fileRef = F50BE0732AA658AB00DD465A /* TransactionView.swift */; };
		F50BE0772AA65A0000DD465A /* ReferAFriendView.swift in Sources */ = {isa = PBXBuildFile; fileRef = F50BE0762AA65A0000DD465A /* ReferAFriendView.swift */; };
		F511937E2A97C4DF00554604 /* FarepayApp.swift in Sources */ = {isa = PBXBuildFile; fileRef = F511937D2A97C4DF00554604 /* FarepayApp.swift */; };
		F51193822A97C4E200554604 /* Assets.xcassets in Resources */ = {isa = PBXBuildFile; fileRef = F51193812A97C4E200554604 /* Assets.xcassets */; };
		F51193852A97C4E200554604 /* Preview Assets.xcassets in Resources */ = {isa = PBXBuildFile; fileRef = F51193842A97C4E200554604 /* Preview Assets.xcassets */; };
		F51193912A97C6ED00554604 /* SplashView.swift in Sources */ = {isa = PBXBuildFile; fileRef = F51193902A97C6ED00554604 /* SplashView.swift */; };
		F51193952A97C97400554604 /* Colors+Extension.swift in Sources */ = {isa = PBXBuildFile; fileRef = F51193942A97C97400554604 /* Colors+Extension.swift */; };
		F51193972A97C99F00554604 /* String+Extension.swift in Sources */ = {isa = PBXBuildFile; fileRef = F51193962A97C99F00554604 /* String+Extension.swift */; };
		F51193992A97C9EA00554604 /* Image+Extension.swift in Sources */ = {isa = PBXBuildFile; fileRef = F51193982A97C9EA00554604 /* Image+Extension.swift */; };
		F511939D2A97CFC800554604 /* Poppins-Bold.ttf in Resources */ = {isa = PBXBuildFile; fileRef = F511939C2A97CFC800554604 /* Poppins-Bold.ttf */; };
		F511939F2A97CFDB00554604 /* Poppins-Medium.ttf in Resources */ = {isa = PBXBuildFile; fileRef = F511939E2A97CFDB00554604 /* Poppins-Medium.ttf */; };
		F51193A12A97CFF900554604 /* Poppins-SemiBold.ttf in Resources */ = {isa = PBXBuildFile; fileRef = F51193A02A97CFF900554604 /* Poppins-SemiBold.ttf */; };
		F51193A32A97D02B00554604 /* Poppins-Thin.ttf in Resources */ = {isa = PBXBuildFile; fileRef = F51193A22A97D02B00554604 /* Poppins-Thin.ttf */; };
		F51193A62A97D19500554604 /* Font+Extension.swift in Sources */ = {isa = PBXBuildFile; fileRef = F51193A52A97D19500554604 /* Font+Extension.swift */; };
		F51193A82A97DAAC00554604 /* Utility.swift in Sources */ = {isa = PBXBuildFile; fileRef = F51193A72A97DAAC00554604 /* Utility.swift */; };
		F51193AA2A97DBA100554604 /* LoginView.swift in Sources */ = {isa = PBXBuildFile; fileRef = F51193A92A97DBA100554604 /* LoginView.swift */; };
		F5192AEB2AA11B8900DF5ED1 /* PayQRView.swift in Sources */ = {isa = PBXBuildFile; fileRef = F5192AEA2AA11B8900DF5ED1 /* PayQRView.swift */; };
		F523128D2AB8CFDF00E9AA2D /* AccountView.swift in Sources */ = {isa = PBXBuildFile; fileRef = F523128C2AB8CFDE00E9AA2D /* AccountView.swift */; };
		F5404A482ABCA864002E00A0 /* AddNewBankAccountView.swift in Sources */ = {isa = PBXBuildFile; fileRef = F5404A472ABCA864002E00A0 /* AddNewBankAccountView.swift */; };
		F5404A4A2ABCB197002E00A0 /* OtpView.swift in Sources */ = {isa = PBXBuildFile; fileRef = F5404A492ABCB197002E00A0 /* OtpView.swift */; };
		F5449ABD2AB0D09000BE5AF4 /* Date+Extension.swift in Sources */ = {isa = PBXBuildFile; fileRef = F5449ABC2AB0D09000BE5AF4 /* Date+Extension.swift */; };
		F5449ABF2AB0D33D00BE5AF4 /* TransactionModel.swift in Sources */ = {isa = PBXBuildFile; fileRef = F5449ABE2AB0D33D00BE5AF4 /* TransactionModel.swift */; };
		F5449AC12AB0DA8E00BE5AF4 /* ExportPopUpView.swift in Sources */ = {isa = PBXBuildFile; fileRef = F5449AC02AB0DA8E00BE5AF4 /* ExportPopUpView.swift */; };
		F5449AC32AB0E02400BE5AF4 /* TransactionDetailView.swift in Sources */ = {isa = PBXBuildFile; fileRef = F5449AC22AB0E02400BE5AF4 /* TransactionDetailView.swift */; };
		F5500E1F2AA10CB400B39655 /* TapToPayView.swift in Sources */ = {isa = PBXBuildFile; fileRef = F5500E1E2AA10CB400B39655 /* TapToPayView.swift */; };
		F5500E212AA1136500B39655 /* TryAgainView.swift in Sources */ = {isa = PBXBuildFile; fileRef = F5500E202AA1136500B39655 /* TryAgainView.swift */; };
		F554AC162AA0FC03007EED59 /* PaymentDetailView.swift in Sources */ = {isa = PBXBuildFile; fileRef = F554AC152AA0FC03007EED59 /* PaymentDetailView.swift */; };
		F561E4192A991BA600599CE9 /* SignUpView.swift in Sources */ = {isa = PBXBuildFile; fileRef = F561E4182A991BA600599CE9 /* SignUpView.swift */; };
		F561E41B2A991D5700599CE9 /* Navigation+Extension.swift in Sources */ = {isa = PBXBuildFile; fileRef = F561E41A2A991D5700599CE9 /* Navigation+Extension.swift */; };
		F561E41D2A992B2B00599CE9 /* CompanyView.swift in Sources */ = {isa = PBXBuildFile; fileRef = F561E41C2A992B2B00599CE9 /* CompanyView.swift */; };
		F56C08262AABA79700CE07C9 /* GiftCardDetailView.swift in Sources */ = {isa = PBXBuildFile; fileRef = F56C08252AABA79700CE07C9 /* GiftCardDetailView.swift */; };
		F56C08282AABB63400CE07C9 /* GiftCardPopUpView.swift in Sources */ = {isa = PBXBuildFile; fileRef = F56C08272AABB63400CE07C9 /* GiftCardPopUpView.swift */; };
		F59196EE2ABA1D3900D8F15D /* AccountInfoView.swift in Sources */ = {isa = PBXBuildFile; fileRef = F59196ED2ABA1D3900D8F15D /* AccountInfoView.swift */; };
		F59196F12ABA26A300D8F15D /* EditAccountView.swift in Sources */ = {isa = PBXBuildFile; fileRef = F59196F02ABA26A200D8F15D /* EditAccountView.swift */; };
		F59BCAAB2AB36E5900FC28B4 /* CurrencyManager.swift in Sources */ = {isa = PBXBuildFile; fileRef = F59BCAAA2AB36E5900FC28B4 /* CurrencyManager.swift */; };
		F59BCAAD2AB3904300FC28B4 /* FriendlistView.swift in Sources */ = {isa = PBXBuildFile; fileRef = F59BCAAC2AB3904300FC28B4 /* FriendlistView.swift */; };
		F59F81ED2AC3407700A51AC6 /* StepsView.swift in Sources */ = {isa = PBXBuildFile; fileRef = F59F81EC2AC3407700A51AC6 /* StepsView.swift */; };
		F59F81EF2AC3463800A51AC6 /* NotificationCenter+Extension.swift in Sources */ = {isa = PBXBuildFile; fileRef = F59F81EE2AC3463800A51AC6 /* NotificationCenter+Extension.swift */; };
		F59F81F12AC3569400A51AC6 /* ImagePreView.swift in Sources */ = {isa = PBXBuildFile; fileRef = F59F81F02AC3569400A51AC6 /* ImagePreView.swift */; };
		F5A11EBE2AAF9D7A005FDEDB /* ErrorView.swift in Sources */ = {isa = PBXBuildFile; fileRef = F5A11EBD2AAF9D7A005FDEDB /* ErrorView.swift */; };
		F5A8F3E72A9D0F69006C964E /* RepresentativeView.swift in Sources */ = {isa = PBXBuildFile; fileRef = F5A8F3E62A9D0F69006C964E /* RepresentativeView.swift */; };
		F5C15A9C2AA26C180065DE0B /* SideMenu.swift in Sources */ = {isa = PBXBuildFile; fileRef = F5C15A9A2AA26C180065DE0B /* SideMenu.swift */; };
		F5C15A9D2AA26C180065DE0B /* SideMenuView.swift in Sources */ = {isa = PBXBuildFile; fileRef = F5C15A9B2AA26C180065DE0B /* SideMenuView.swift */; };
		F5C15AA02AA26CC10065DE0B /* GiftCardView.swift in Sources */ = {isa = PBXBuildFile; fileRef = F5C15A9F2AA26CC10065DE0B /* GiftCardView.swift */; };
		F5C15AA22AA26E6A0065DE0B /* MainTabbedView.swift in Sources */ = {isa = PBXBuildFile; fileRef = F5C15AA12AA26E6A0065DE0B /* MainTabbedView.swift */; };
		F5C18CEF2A9D047E00B05031 /* SplashScreen.storyboard in Resources */ = {isa = PBXBuildFile; fileRef = F5C18CEE2A9D047E00B05031 /* SplashScreen.storyboard */; };
		F5D118522A9FB6A100C027FA /* PaymentView.swift in Sources */ = {isa = PBXBuildFile; fileRef = F5D118512A9FB6A000C027FA /* PaymentView.swift */; };
		F5EA16BA2AB21F69000F9CCA /* Constants.swift in Sources */ = {isa = PBXBuildFile; fileRef = F5EA16B92AB21F69000F9CCA /* Constants.swift */; };
		F5EA16BE2AB22FD7000F9CCA /* TermsView.swift in Sources */ = {isa = PBXBuildFile; fileRef = F5EA16BD2AB22FD7000F9CCA /* TermsView.swift */; };
		F5EA16C02AB23121000F9CCA /* PrivacyPolicyView.swift in Sources */ = {isa = PBXBuildFile; fileRef = F5EA16BF2AB23121000F9CCA /* PrivacyPolicyView.swift */; };
		F5F8EFF42ABB68E2000C23F8 /* ChangePasswordView.swift in Sources */ = {isa = PBXBuildFile; fileRef = F5F8EFF32ABB68E2000C23F8 /* ChangePasswordView.swift */; };
		F5F8EFF72ABB6D79000C23F8 /* BankAccountView.swift in Sources */ = {isa = PBXBuildFile; fileRef = F5F8EFF62ABB6D79000C23F8 /* BankAccountView.swift */; };
/* End PBXBuildFile section */

/* Begin PBXFileReference section */
		F50BE0702AA6503A00DD465A /* PayoutView.swift */ = {isa = PBXFileReference; lastKnownFileType = sourcecode.swift; path = PayoutView.swift; sourceTree = "<group>"; };
		F50BE0732AA658AB00DD465A /* TransactionView.swift */ = {isa = PBXFileReference; lastKnownFileType = sourcecode.swift; path = TransactionView.swift; sourceTree = "<group>"; };
		F50BE0762AA65A0000DD465A /* ReferAFriendView.swift */ = {isa = PBXFileReference; lastKnownFileType = sourcecode.swift; path = ReferAFriendView.swift; sourceTree = "<group>"; };
		F511937A2A97C4DF00554604 /* Farepay.app */ = {isa = PBXFileReference; explicitFileType = wrapper.application; includeInIndex = 0; path = Farepay.app; sourceTree = BUILT_PRODUCTS_DIR; };
		F511937D2A97C4DF00554604 /* FarepayApp.swift */ = {isa = PBXFileReference; lastKnownFileType = sourcecode.swift; path = FarepayApp.swift; sourceTree = "<group>"; };
		F51193812A97C4E200554604 /* Assets.xcassets */ = {isa = PBXFileReference; lastKnownFileType = folder.assetcatalog; path = Assets.xcassets; sourceTree = "<group>"; };
		F51193842A97C4E200554604 /* Preview Assets.xcassets */ = {isa = PBXFileReference; lastKnownFileType = folder.assetcatalog; path = "Preview Assets.xcassets"; sourceTree = "<group>"; };
		F51193902A97C6ED00554604 /* SplashView.swift */ = {isa = PBXFileReference; lastKnownFileType = sourcecode.swift; path = SplashView.swift; sourceTree = "<group>"; };
		F51193942A97C97400554604 /* Colors+Extension.swift */ = {isa = PBXFileReference; lastKnownFileType = sourcecode.swift; path = "Colors+Extension.swift"; sourceTree = "<group>"; };
		F51193962A97C99F00554604 /* String+Extension.swift */ = {isa = PBXFileReference; lastKnownFileType = sourcecode.swift; path = "String+Extension.swift"; sourceTree = "<group>"; };
		F51193982A97C9EA00554604 /* Image+Extension.swift */ = {isa = PBXFileReference; lastKnownFileType = sourcecode.swift; path = "Image+Extension.swift"; sourceTree = "<group>"; };
		F511939C2A97CFC800554604 /* Poppins-Bold.ttf */ = {isa = PBXFileReference; lastKnownFileType = file; path = "Poppins-Bold.ttf"; sourceTree = "<group>"; };
		F511939E2A97CFDB00554604 /* Poppins-Medium.ttf */ = {isa = PBXFileReference; lastKnownFileType = file; path = "Poppins-Medium.ttf"; sourceTree = "<group>"; };
		F51193A02A97CFF900554604 /* Poppins-SemiBold.ttf */ = {isa = PBXFileReference; lastKnownFileType = file; path = "Poppins-SemiBold.ttf"; sourceTree = "<group>"; };
		F51193A22A97D02B00554604 /* Poppins-Thin.ttf */ = {isa = PBXFileReference; lastKnownFileType = file; path = "Poppins-Thin.ttf"; sourceTree = "<group>"; };
		F51193A42A97D11200554604 /* Info.plist */ = {isa = PBXFileReference; lastKnownFileType = text.plist; path = Info.plist; sourceTree = "<group>"; };
		F51193A52A97D19500554604 /* Font+Extension.swift */ = {isa = PBXFileReference; lastKnownFileType = sourcecode.swift; path = "Font+Extension.swift"; sourceTree = "<group>"; };
		F51193A72A97DAAC00554604 /* Utility.swift */ = {isa = PBXFileReference; lastKnownFileType = sourcecode.swift; path = Utility.swift; sourceTree = "<group>"; };
		F51193A92A97DBA100554604 /* LoginView.swift */ = {isa = PBXFileReference; lastKnownFileType = sourcecode.swift; path = LoginView.swift; sourceTree = "<group>"; };
		F5192AEA2AA11B8900DF5ED1 /* PayQRView.swift */ = {isa = PBXFileReference; lastKnownFileType = sourcecode.swift; path = PayQRView.swift; sourceTree = "<group>"; };
		F523128C2AB8CFDE00E9AA2D /* AccountView.swift */ = {isa = PBXFileReference; lastKnownFileType = sourcecode.swift; path = AccountView.swift; sourceTree = "<group>"; };
		F5404A472ABCA864002E00A0 /* AddNewBankAccountView.swift */ = {isa = PBXFileReference; lastKnownFileType = sourcecode.swift; path = AddNewBankAccountView.swift; sourceTree = "<group>"; };
		F5404A492ABCB197002E00A0 /* OtpView.swift */ = {isa = PBXFileReference; lastKnownFileType = sourcecode.swift; path = OtpView.swift; sourceTree = "<group>"; };
		F5449ABC2AB0D09000BE5AF4 /* Date+Extension.swift */ = {isa = PBXFileReference; lastKnownFileType = sourcecode.swift; path = "Date+Extension.swift"; sourceTree = "<group>"; };
		F5449ABE2AB0D33D00BE5AF4 /* TransactionModel.swift */ = {isa = PBXFileReference; lastKnownFileType = sourcecode.swift; path = TransactionModel.swift; sourceTree = "<group>"; };
		F5449AC02AB0DA8E00BE5AF4 /* ExportPopUpView.swift */ = {isa = PBXFileReference; lastKnownFileType = sourcecode.swift; path = ExportPopUpView.swift; sourceTree = "<group>"; };
		F5449AC22AB0E02400BE5AF4 /* TransactionDetailView.swift */ = {isa = PBXFileReference; lastKnownFileType = sourcecode.swift; path = TransactionDetailView.swift; sourceTree = "<group>"; };
		F5500E1E2AA10CB400B39655 /* TapToPayView.swift */ = {isa = PBXFileReference; lastKnownFileType = sourcecode.swift; path = TapToPayView.swift; sourceTree = "<group>"; };
		F5500E202AA1136500B39655 /* TryAgainView.swift */ = {isa = PBXFileReference; lastKnownFileType = sourcecode.swift; path = TryAgainView.swift; sourceTree = "<group>"; };
		F554AC152AA0FC03007EED59 /* PaymentDetailView.swift */ = {isa = PBXFileReference; lastKnownFileType = sourcecode.swift; path = PaymentDetailView.swift; sourceTree = "<group>"; };
		F561E4182A991BA600599CE9 /* SignUpView.swift */ = {isa = PBXFileReference; lastKnownFileType = sourcecode.swift; path = SignUpView.swift; sourceTree = "<group>"; };
		F561E41A2A991D5700599CE9 /* Navigation+Extension.swift */ = {isa = PBXFileReference; lastKnownFileType = sourcecode.swift; path = "Navigation+Extension.swift"; sourceTree = "<group>"; };
		F561E41C2A992B2B00599CE9 /* CompanyView.swift */ = {isa = PBXFileReference; lastKnownFileType = sourcecode.swift; path = CompanyView.swift; sourceTree = "<group>"; };
		F56C08252AABA79700CE07C9 /* GiftCardDetailView.swift */ = {isa = PBXFileReference; lastKnownFileType = sourcecode.swift; path = GiftCardDetailView.swift; sourceTree = "<group>"; };
		F56C08272AABB63400CE07C9 /* GiftCardPopUpView.swift */ = {isa = PBXFileReference; lastKnownFileType = sourcecode.swift; path = GiftCardPopUpView.swift; sourceTree = "<group>"; };
		F59196ED2ABA1D3900D8F15D /* AccountInfoView.swift */ = {isa = PBXFileReference; lastKnownFileType = sourcecode.swift; path = AccountInfoView.swift; sourceTree = "<group>"; };
		F59196F02ABA26A200D8F15D /* EditAccountView.swift */ = {isa = PBXFileReference; lastKnownFileType = sourcecode.swift; path = EditAccountView.swift; sourceTree = "<group>"; };
		F59BCAAA2AB36E5900FC28B4 /* CurrencyManager.swift */ = {isa = PBXFileReference; lastKnownFileType = sourcecode.swift; path = CurrencyManager.swift; sourceTree = "<group>"; };
		F59BCAAC2AB3904300FC28B4 /* FriendlistView.swift */ = {isa = PBXFileReference; lastKnownFileType = sourcecode.swift; path = FriendlistView.swift; sourceTree = "<group>"; };
		F59F81EC2AC3407700A51AC6 /* StepsView.swift */ = {isa = PBXFileReference; lastKnownFileType = sourcecode.swift; path = StepsView.swift; sourceTree = "<group>"; };
		F59F81EE2AC3463800A51AC6 /* NotificationCenter+Extension.swift */ = {isa = PBXFileReference; lastKnownFileType = sourcecode.swift; path = "NotificationCenter+Extension.swift"; sourceTree = "<group>"; };
		F59F81F02AC3569400A51AC6 /* ImagePreView.swift */ = {isa = PBXFileReference; lastKnownFileType = sourcecode.swift; path = ImagePreView.swift; sourceTree = "<group>"; };
		F5A11EBD2AAF9D7A005FDEDB /* ErrorView.swift */ = {isa = PBXFileReference; lastKnownFileType = sourcecode.swift; path = ErrorView.swift; sourceTree = "<group>"; };
		F5A8F3E62A9D0F69006C964E /* RepresentativeView.swift */ = {isa = PBXFileReference; lastKnownFileType = sourcecode.swift; path = RepresentativeView.swift; sourceTree = "<group>"; };
		F5C15A9A2AA26C180065DE0B /* SideMenu.swift */ = {isa = PBXFileReference; fileEncoding = 4; lastKnownFileType = sourcecode.swift; path = SideMenu.swift; sourceTree = "<group>"; };
		F5C15A9B2AA26C180065DE0B /* SideMenuView.swift */ = {isa = PBXFileReference; fileEncoding = 4; lastKnownFileType = sourcecode.swift; path = SideMenuView.swift; sourceTree = "<group>"; };
		F5C15A9F2AA26CC10065DE0B /* GiftCardView.swift */ = {isa = PBXFileReference; lastKnownFileType = sourcecode.swift; path = GiftCardView.swift; sourceTree = "<group>"; };
		F5C15AA12AA26E6A0065DE0B /* MainTabbedView.swift */ = {isa = PBXFileReference; fileEncoding = 4; lastKnownFileType = sourcecode.swift; path = MainTabbedView.swift; sourceTree = "<group>"; };
		F5C18CEE2A9D047E00B05031 /* SplashScreen.storyboard */ = {isa = PBXFileReference; lastKnownFileType = file.storyboard; path = SplashScreen.storyboard; sourceTree = "<group>"; };
		F5D118512A9FB6A000C027FA /* PaymentView.swift */ = {isa = PBXFileReference; lastKnownFileType = sourcecode.swift; path = PaymentView.swift; sourceTree = "<group>"; };
		F5EA16B92AB21F69000F9CCA /* Constants.swift */ = {isa = PBXFileReference; lastKnownFileType = sourcecode.swift; path = Constants.swift; sourceTree = "<group>"; };
		F5EA16BD2AB22FD7000F9CCA /* TermsView.swift */ = {isa = PBXFileReference; lastKnownFileType = sourcecode.swift; path = TermsView.swift; sourceTree = "<group>"; };
		F5EA16BF2AB23121000F9CCA /* PrivacyPolicyView.swift */ = {isa = PBXFileReference; lastKnownFileType = sourcecode.swift; path = PrivacyPolicyView.swift; sourceTree = "<group>"; };
		F5F8EFF32ABB68E2000C23F8 /* ChangePasswordView.swift */ = {isa = PBXFileReference; lastKnownFileType = sourcecode.swift; path = ChangePasswordView.swift; sourceTree = "<group>"; };
		F5F8EFF62ABB6D79000C23F8 /* BankAccountView.swift */ = {isa = PBXFileReference; lastKnownFileType = sourcecode.swift; path = BankAccountView.swift; sourceTree = "<group>"; };
/* End PBXFileReference section */

/* Begin PBXFrameworksBuildPhase section */
		F51193772A97C4DF00554604 /* Frameworks */ = {
			isa = PBXFrameworksBuildPhase;
			buildActionMask = 2147483647;
			files = (
			);
			runOnlyForDeploymentPostprocessing = 0;
		};
/* End PBXFrameworksBuildPhase section */

/* Begin PBXGroup section */
		F50BE06F2AA6501C00DD465A /* Payout */ = {
			isa = PBXGroup;
			children = (
				F50BE0702AA6503A00DD465A /* PayoutView.swift */,
				F5404A492ABCB197002E00A0 /* OtpView.swift */,
			);
			path = Payout;
			sourceTree = "<group>";
		};
		F50BE0722AA6588500DD465A /* Transaction */ = {
			isa = PBXGroup;
			children = (
				F50BE0732AA658AB00DD465A /* TransactionView.swift */,
				F5449AC02AB0DA8E00BE5AF4 /* ExportPopUpView.swift */,
				F5449AC22AB0E02400BE5AF4 /* TransactionDetailView.swift */,
			);
			path = Transaction;
			sourceTree = "<group>";
		};
		F50BE0752AA659E700DD465A /* ReferAFriend */ = {
			isa = PBXGroup;
			children = (
				F50BE0762AA65A0000DD465A /* ReferAFriendView.swift */,
				F59BCAAC2AB3904300FC28B4 /* FriendlistView.swift */,
			);
			path = ReferAFriend;
			sourceTree = "<group>";
		};
		F51193712A97C4DF00554604 = {
			isa = PBXGroup;
			children = (
				F511937C2A97C4DF00554604 /* Farepay */,
				F511937B2A97C4DF00554604 /* Products */,
			);
			sourceTree = "<group>";
		};
		F511937B2A97C4DF00554604 /* Products */ = {
			isa = PBXGroup;
			children = (
				F511937A2A97C4DF00554604 /* Farepay.app */,
			);
			name = Products;
			sourceTree = "<group>";
		};
		F511937C2A97C4DF00554604 /* Farepay */ = {
			isa = PBXGroup;
			children = (
				F51193A42A97D11200554604 /* Info.plist */,
				F51193922A97C93900554604 /* AppUtility */,
				F59BCAA92AB36E2900FC28B4 /* Manager */,
				F51193932A97C95F00554604 /* Extensions */,
				F5EA16B82AB21F4F000F9CCA /* Constants */,
				F511938B2A97C69100554604 /* Resources */,
				F511938D2A97C6AD00554604 /* Model */,
				F511938C2A97C6A800554604 /* View */,
				F511938E2A97C6B400554604 /* Controiller */,
				F51193832A97C4E200554604 /* Preview Content */,
			);
			path = Farepay;
			sourceTree = "<group>";
		};
		F51193832A97C4E200554604 /* Preview Content */ = {
			isa = PBXGroup;
			children = (
				F51193842A97C4E200554604 /* Preview Assets.xcassets */,
			);
			path = "Preview Content";
			sourceTree = "<group>";
		};
		F511938B2A97C69100554604 /* Resources */ = {
			isa = PBXGroup;
			children = (
				F511939A2A97CC7E00554604 /* Fonts */,
				F511939B2A97CC9600554604 /* Images */,
			);
			path = Resources;
			sourceTree = "<group>";
		};
		F511938C2A97C6A800554604 /* View */ = {
			isa = PBXGroup;
			children = (
				F511937D2A97C4DF00554604 /* FarepayApp.swift */,
				F511938F2A97C6CD00554604 /* Auth */,
				F5C15A992AA26BF10065DE0B /* SideMenu */,
				F5500E1D2AA10AB800B39655 /* Payment */,
				F5C15A9E2AA26CA50065DE0B /* GiftCard */,
				F50BE06F2AA6501C00DD465A /* Payout */,
				F50BE0722AA6588500DD465A /* Transaction */,
				F50BE0752AA659E700DD465A /* ReferAFriend */,
				F523128B2AB8CFAE00E9AA2D /* Account */,
				F5EA16BC2AB22FAB000F9CCA /* PrivacyPoilicy */,
				F5EA16BB2AB22F94000F9CCA /* Terms */,
			);
			path = View;
			sourceTree = "<group>";
		};
		F511938D2A97C6AD00554604 /* Model */ = {
			isa = PBXGroup;
			children = (
				F5449ABE2AB0D33D00BE5AF4 /* TransactionModel.swift */,
			);
			path = Model;
			sourceTree = "<group>";
		};
		F511938E2A97C6B400554604 /* Controiller */ = {
			isa = PBXGroup;
			children = (
			);
			path = Controiller;
			sourceTree = "<group>";
		};
		F511938F2A97C6CD00554604 /* Auth */ = {
			isa = PBXGroup;
			children = (
				F5C18CEE2A9D047E00B05031 /* SplashScreen.storyboard */,
				F51193902A97C6ED00554604 /* SplashView.swift */,
				F51193A92A97DBA100554604 /* LoginView.swift */,
				F561E4182A991BA600599CE9 /* SignUpView.swift */,
				F561E41C2A992B2B00599CE9 /* CompanyView.swift */,
				F59F81EC2AC3407700A51AC6 /* StepsView.swift */,
				F5A8F3E62A9D0F69006C964E /* RepresentativeView.swift */,
				F59F81F02AC3569400A51AC6 /* ImagePreView.swift */,
			);
			path = Auth;
			sourceTree = "<group>";
		};
		F51193922A97C93900554604 /* AppUtility */ = {
			isa = PBXGroup;
			children = (
				F51193A72A97DAAC00554604 /* Utility.swift */,
			);
			path = AppUtility;
			sourceTree = "<group>";
		};
		F51193932A97C95F00554604 /* Extensions */ = {
			isa = PBXGroup;
			children = (
				F51193962A97C99F00554604 /* String+Extension.swift */,
				F51193942A97C97400554604 /* Colors+Extension.swift */,
				F51193982A97C9EA00554604 /* Image+Extension.swift */,
				F51193A52A97D19500554604 /* Font+Extension.swift */,
				F561E41A2A991D5700599CE9 /* Navigation+Extension.swift */,
				F5449ABC2AB0D09000BE5AF4 /* Date+Extension.swift */,
				F59F81EE2AC3463800A51AC6 /* NotificationCenter+Extension.swift */,
			);
			path = Extensions;
			sourceTree = "<group>";
		};
		F511939A2A97CC7E00554604 /* Fonts */ = {
			isa = PBXGroup;
			children = (
				F511939C2A97CFC800554604 /* Poppins-Bold.ttf */,
				F51193A02A97CFF900554604 /* Poppins-SemiBold.ttf */,
				F511939E2A97CFDB00554604 /* Poppins-Medium.ttf */,
				F51193A22A97D02B00554604 /* Poppins-Thin.ttf */,
			);
			path = Fonts;
			sourceTree = "<group>";
		};
		F511939B2A97CC9600554604 /* Images */ = {
			isa = PBXGroup;
			children = (
				F51193812A97C4E200554604 /* Assets.xcassets */,
			);
			path = Images;
			sourceTree = "<group>";
		};
		F523128B2AB8CFAE00E9AA2D /* Account */ = {
			isa = PBXGroup;
			children = (
				F523128C2AB8CFDE00E9AA2D /* AccountView.swift */,
				F59196EF2ABA265900D8F15D /* AccountInfo */,
				F59196F22ABA2E8600D8F15D /* ChangePassword */,
				F5F8EFF52ABB6D62000C23F8 /* BankAccount */,
			);
			path = Account;
			sourceTree = "<group>";
		};
		F5500E1D2AA10AB800B39655 /* Payment */ = {
			isa = PBXGroup;
			children = (
				F5D118512A9FB6A000C027FA /* PaymentView.swift */,
				F554AC152AA0FC03007EED59 /* PaymentDetailView.swift */,
				F5500E1E2AA10CB400B39655 /* TapToPayView.swift */,
				F5500E202AA1136500B39655 /* TryAgainView.swift */,
				F5192AEA2AA11B8900DF5ED1 /* PayQRView.swift */,
			);
			path = Payment;
			sourceTree = "<group>";
		};
		F59196EF2ABA265900D8F15D /* AccountInfo */ = {
			isa = PBXGroup;
			children = (
				F59196ED2ABA1D3900D8F15D /* AccountInfoView.swift */,
				F59196F02ABA26A200D8F15D /* EditAccountView.swift */,
			);
			path = AccountInfo;
			sourceTree = "<group>";
		};
		F59196F22ABA2E8600D8F15D /* ChangePassword */ = {
			isa = PBXGroup;
			children = (
				F5F8EFF32ABB68E2000C23F8 /* ChangePasswordView.swift */,
			);
			path = ChangePassword;
			sourceTree = "<group>";
		};
		F59BCAA92AB36E2900FC28B4 /* Manager */ = {
			isa = PBXGroup;
			children = (
				F59BCAAA2AB36E5900FC28B4 /* CurrencyManager.swift */,
			);
			path = Manager;
			sourceTree = "<group>";
		};
		F5C15A992AA26BF10065DE0B /* SideMenu */ = {
			isa = PBXGroup;
			children = (
				F5C15AA12AA26E6A0065DE0B /* MainTabbedView.swift */,
				F5C15A9A2AA26C180065DE0B /* SideMenu.swift */,
				F5C15A9B2AA26C180065DE0B /* SideMenuView.swift */,
			);
			path = SideMenu;
			sourceTree = "<group>";
		};
		F5C15A9E2AA26CA50065DE0B /* GiftCard */ = {
			isa = PBXGroup;
			children = (
				F5C15A9F2AA26CC10065DE0B /* GiftCardView.swift */,
				F56C08252AABA79700CE07C9 /* GiftCardDetailView.swift */,
				F56C08272AABB63400CE07C9 /* GiftCardPopUpView.swift */,
				F5A11EBD2AAF9D7A005FDEDB /* ErrorView.swift */,
			);
			path = GiftCard;
			sourceTree = "<group>";
		};
		F5EA16B82AB21F4F000F9CCA /* Constants */ = {
			isa = PBXGroup;
			children = (
				F5EA16B92AB21F69000F9CCA /* Constants.swift */,
			);
			path = Constants;
			sourceTree = "<group>";
		};
		F5EA16BB2AB22F94000F9CCA /* Terms */ = {
			isa = PBXGroup;
			children = (
				F5EA16BD2AB22FD7000F9CCA /* TermsView.swift */,
			);
			path = Terms;
			sourceTree = "<group>";
		};
		F5EA16BC2AB22FAB000F9CCA /* PrivacyPoilicy */ = {
			isa = PBXGroup;
			children = (
				F5EA16BF2AB23121000F9CCA /* PrivacyPolicyView.swift */,
			);
			path = PrivacyPoilicy;
			sourceTree = "<group>";
		};
		F5F8EFF52ABB6D62000C23F8 /* BankAccount */ = {
			isa = PBXGroup;
			children = (
				F5F8EFF62ABB6D79000C23F8 /* BankAccountView.swift */,
				F5404A472ABCA864002E00A0 /* AddNewBankAccountView.swift */,
			);
			path = BankAccount;
			sourceTree = "<group>";
		};
/* End PBXGroup section */

/* Begin PBXNativeTarget section */
		F51193792A97C4DF00554604 /* Farepay */ = {
			isa = PBXNativeTarget;
			buildConfigurationList = F51193882A97C4E200554604 /* Build configuration list for PBXNativeTarget "Farepay" */;
			buildPhases = (
				F51193762A97C4DF00554604 /* Sources */,
				F51193772A97C4DF00554604 /* Frameworks */,
				F51193782A97C4DF00554604 /* Resources */,
			);
			buildRules = (
			);
			dependencies = (
			);
			name = Farepay;
			packageProductDependencies = (
			);
			productName = Farepay;
			productReference = F511937A2A97C4DF00554604 /* Farepay.app */;
			productType = "com.apple.product-type.application";
		};
/* End PBXNativeTarget section */

/* Begin PBXProject section */
		F51193722A97C4DF00554604 /* Project object */ = {
			isa = PBXProject;
			attributes = {
				BuildIndependentTargetsInParallel = 1;
				LastSwiftUpdateCheck = 1420;
				LastUpgradeCheck = 1420;
				TargetAttributes = {
					F51193792A97C4DF00554604 = {
						CreatedOnToolsVersion = 14.2;
					};
				};
			};
			buildConfigurationList = F51193752A97C4DF00554604 /* Build configuration list for PBXProject "Farepay" */;
			compatibilityVersion = "Xcode 14.0";
			developmentRegion = en;
			hasScannedForEncodings = 0;
			knownRegions = (
				en,
				Base,
			);
			mainGroup = F51193712A97C4DF00554604;
			packageReferences = (
			);
			productRefGroup = F511937B2A97C4DF00554604 /* Products */;
			projectDirPath = "";
			projectRoot = "";
			targets = (
				F51193792A97C4DF00554604 /* Farepay */,
			);
		};
/* End PBXProject section */

/* Begin PBXResourcesBuildPhase section */
		F51193782A97C4DF00554604 /* Resources */ = {
			isa = PBXResourcesBuildPhase;
			buildActionMask = 2147483647;
			files = (
				F51193A12A97CFF900554604 /* Poppins-SemiBold.ttf in Resources */,
				F51193852A97C4E200554604 /* Preview Assets.xcassets in Resources */,
				F511939F2A97CFDB00554604 /* Poppins-Medium.ttf in Resources */,
				F51193A32A97D02B00554604 /* Poppins-Thin.ttf in Resources */,
				F511939D2A97CFC800554604 /* Poppins-Bold.ttf in Resources */,
				F51193822A97C4E200554604 /* Assets.xcassets in Resources */,
				F5C18CEF2A9D047E00B05031 /* SplashScreen.storyboard in Resources */,
			);
			runOnlyForDeploymentPostprocessing = 0;
		};
/* End PBXResourcesBuildPhase section */

/* Begin PBXSourcesBuildPhase section */
		F51193762A97C4DF00554604 /* Sources */ = {
			isa = PBXSourcesBuildPhase;
			buildActionMask = 2147483647;
			files = (
				F554AC162AA0FC03007EED59 /* PaymentDetailView.swift in Sources */,
				F51193A82A97DAAC00554604 /* Utility.swift in Sources */,
				F5C15A9D2AA26C180065DE0B /* SideMenuView.swift in Sources */,
				F50BE0742AA658AB00DD465A /* TransactionView.swift in Sources */,
				F51193992A97C9EA00554604 /* Image+Extension.swift in Sources */,
				F50BE0712AA6503A00DD465A /* PayoutView.swift in Sources */,
				F59196F12ABA26A300D8F15D /* EditAccountView.swift in Sources */,
				F5F8EFF42ABB68E2000C23F8 /* ChangePasswordView.swift in Sources */,
				F59F81ED2AC3407700A51AC6 /* StepsView.swift in Sources */,
				F5449AC32AB0E02400BE5AF4 /* TransactionDetailView.swift in Sources */,
				F5EA16BA2AB21F69000F9CCA /* Constants.swift in Sources */,
				F5D118522A9FB6A100C027FA /* PaymentView.swift in Sources */,
				F5A11EBE2AAF9D7A005FDEDB /* ErrorView.swift in Sources */,
				F5EA16BE2AB22FD7000F9CCA /* TermsView.swift in Sources */,
				F51193972A97C99F00554604 /* String+Extension.swift in Sources */,
				F59196EE2ABA1D3900D8F15D /* AccountInfoView.swift in Sources */,
				F5C15AA02AA26CC10065DE0B /* GiftCardView.swift in Sources */,
				F5500E1F2AA10CB400B39655 /* TapToPayView.swift in Sources */,
				F5A8F3E72A9D0F69006C964E /* RepresentativeView.swift in Sources */,
				F56C08282AABB63400CE07C9 /* GiftCardPopUpView.swift in Sources */,
				F5404A4A2ABCB197002E00A0 /* OtpView.swift in Sources */,
				F523128D2AB8CFDF00E9AA2D /* AccountView.swift in Sources */,
				F59BCAAB2AB36E5900FC28B4 /* CurrencyManager.swift in Sources */,
				F5404A482ABCA864002E00A0 /* AddNewBankAccountView.swift in Sources */,
				F5500E212AA1136500B39655 /* TryAgainView.swift in Sources */,
				F59BCAAD2AB3904300FC28B4 /* FriendlistView.swift in Sources */,
				F5F8EFF72ABB6D79000C23F8 /* BankAccountView.swift in Sources */,
				F5EA16C02AB23121000F9CCA /* PrivacyPolicyView.swift in Sources */,
				F561E41B2A991D5700599CE9 /* Navigation+Extension.swift in Sources */,
				F56C08262AABA79700CE07C9 /* GiftCardDetailView.swift in Sources */,
				F59F81F12AC3569400A51AC6 /* ImagePreView.swift in Sources */,
				F51193A62A97D19500554604 /* Font+Extension.swift in Sources */,
				F51193952A97C97400554604 /* Colors+Extension.swift in Sources */,
				F59F81EF2AC3463800A51AC6 /* NotificationCenter+Extension.swift in Sources */,
				F561E41D2A992B2B00599CE9 /* CompanyView.swift in Sources */,
				F511937E2A97C4DF00554604 /* FarepayApp.swift in Sources */,
				F50BE0772AA65A0000DD465A /* ReferAFriendView.swift in Sources */,
				F51193AA2A97DBA100554604 /* LoginView.swift in Sources */,
				F5C15A9C2AA26C180065DE0B /* SideMenu.swift in Sources */,
				F5449ABF2AB0D33D00BE5AF4 /* TransactionModel.swift in Sources */,
				F561E4192A991BA600599CE9 /* SignUpView.swift in Sources */,
				F51193912A97C6ED00554604 /* SplashView.swift in Sources */,
				F5449ABD2AB0D09000BE5AF4 /* Date+Extension.swift in Sources */,
				F5192AEB2AA11B8900DF5ED1 /* PayQRView.swift in Sources */,
				F5C15AA22AA26E6A0065DE0B /* MainTabbedView.swift in Sources */,
				F5449AC12AB0DA8E00BE5AF4 /* ExportPopUpView.swift in Sources */,
			);
			runOnlyForDeploymentPostprocessing = 0;
		};
/* End PBXSourcesBuildPhase section */

/* Begin XCBuildConfiguration section */
		F51193862A97C4E200554604 /* Debug */ = {
			isa = XCBuildConfiguration;
			buildSettings = {
				ALWAYS_SEARCH_USER_PATHS = NO;
				CLANG_ANALYZER_NONNULL = YES;
				CLANG_ANALYZER_NUMBER_OBJECT_CONVERSION = YES_AGGRESSIVE;
				CLANG_CXX_LANGUAGE_STANDARD = "gnu++20";
				CLANG_ENABLE_MODULES = YES;
				CLANG_ENABLE_OBJC_ARC = YES;
				CLANG_ENABLE_OBJC_WEAK = YES;
				CLANG_WARN_BLOCK_CAPTURE_AUTORELEASING = YES;
				CLANG_WARN_BOOL_CONVERSION = YES;
				CLANG_WARN_COMMA = YES;
				CLANG_WARN_CONSTANT_CONVERSION = YES;
				CLANG_WARN_DEPRECATED_OBJC_IMPLEMENTATIONS = YES;
				CLANG_WARN_DIRECT_OBJC_ISA_USAGE = YES_ERROR;
				CLANG_WARN_DOCUMENTATION_COMMENTS = YES;
				CLANG_WARN_EMPTY_BODY = YES;
				CLANG_WARN_ENUM_CONVERSION = YES;
				CLANG_WARN_INFINITE_RECURSION = YES;
				CLANG_WARN_INT_CONVERSION = YES;
				CLANG_WARN_NON_LITERAL_NULL_CONVERSION = YES;
				CLANG_WARN_OBJC_IMPLICIT_RETAIN_SELF = YES;
				CLANG_WARN_OBJC_LITERAL_CONVERSION = YES;
				CLANG_WARN_OBJC_ROOT_CLASS = YES_ERROR;
				CLANG_WARN_QUOTED_INCLUDE_IN_FRAMEWORK_HEADER = YES;
				CLANG_WARN_RANGE_LOOP_ANALYSIS = YES;
				CLANG_WARN_STRICT_PROTOTYPES = YES;
				CLANG_WARN_SUSPICIOUS_MOVE = YES;
				CLANG_WARN_UNGUARDED_AVAILABILITY = YES_AGGRESSIVE;
				CLANG_WARN_UNREACHABLE_CODE = YES;
				CLANG_WARN__DUPLICATE_METHOD_MATCH = YES;
				COPY_PHASE_STRIP = NO;
				DEBUG_INFORMATION_FORMAT = dwarf;
				ENABLE_STRICT_OBJC_MSGSEND = YES;
				ENABLE_TESTABILITY = YES;
				GCC_C_LANGUAGE_STANDARD = gnu11;
				GCC_DYNAMIC_NO_PIC = NO;
				GCC_NO_COMMON_BLOCKS = YES;
				GCC_OPTIMIZATION_LEVEL = 0;
				GCC_PREPROCESSOR_DEFINITIONS = (
					"DEBUG=1",
					"$(inherited)",
				);
				GCC_WARN_64_TO_32_BIT_CONVERSION = YES;
				GCC_WARN_ABOUT_RETURN_TYPE = YES_ERROR;
				GCC_WARN_UNDECLARED_SELECTOR = YES;
				GCC_WARN_UNINITIALIZED_AUTOS = YES_AGGRESSIVE;
				GCC_WARN_UNUSED_FUNCTION = YES;
				GCC_WARN_UNUSED_VARIABLE = YES;
				IPHONEOS_DEPLOYMENT_TARGET = 16.0;
				MTL_ENABLE_DEBUG_INFO = INCLUDE_SOURCE;
				MTL_FAST_MATH = YES;
				ONLY_ACTIVE_ARCH = YES;
				SDKROOT = iphoneos;
				SWIFT_ACTIVE_COMPILATION_CONDITIONS = DEBUG;
				SWIFT_OPTIMIZATION_LEVEL = "-Onone";
			};
			name = Debug;
		};
		F51193872A97C4E200554604 /* Release */ = {
			isa = XCBuildConfiguration;
			buildSettings = {
				ALWAYS_SEARCH_USER_PATHS = NO;
				CLANG_ANALYZER_NONNULL = YES;
				CLANG_ANALYZER_NUMBER_OBJECT_CONVERSION = YES_AGGRESSIVE;
				CLANG_CXX_LANGUAGE_STANDARD = "gnu++20";
				CLANG_ENABLE_MODULES = YES;
				CLANG_ENABLE_OBJC_ARC = YES;
				CLANG_ENABLE_OBJC_WEAK = YES;
				CLANG_WARN_BLOCK_CAPTURE_AUTORELEASING = YES;
				CLANG_WARN_BOOL_CONVERSION = YES;
				CLANG_WARN_COMMA = YES;
				CLANG_WARN_CONSTANT_CONVERSION = YES;
				CLANG_WARN_DEPRECATED_OBJC_IMPLEMENTATIONS = YES;
				CLANG_WARN_DIRECT_OBJC_ISA_USAGE = YES_ERROR;
				CLANG_WARN_DOCUMENTATION_COMMENTS = YES;
				CLANG_WARN_EMPTY_BODY = YES;
				CLANG_WARN_ENUM_CONVERSION = YES;
				CLANG_WARN_INFINITE_RECURSION = YES;
				CLANG_WARN_INT_CONVERSION = YES;
				CLANG_WARN_NON_LITERAL_NULL_CONVERSION = YES;
				CLANG_WARN_OBJC_IMPLICIT_RETAIN_SELF = YES;
				CLANG_WARN_OBJC_LITERAL_CONVERSION = YES;
				CLANG_WARN_OBJC_ROOT_CLASS = YES_ERROR;
				CLANG_WARN_QUOTED_INCLUDE_IN_FRAMEWORK_HEADER = YES;
				CLANG_WARN_RANGE_LOOP_ANALYSIS = YES;
				CLANG_WARN_STRICT_PROTOTYPES = YES;
				CLANG_WARN_SUSPICIOUS_MOVE = YES;
				CLANG_WARN_UNGUARDED_AVAILABILITY = YES_AGGRESSIVE;
				CLANG_WARN_UNREACHABLE_CODE = YES;
				CLANG_WARN__DUPLICATE_METHOD_MATCH = YES;
				COPY_PHASE_STRIP = NO;
				DEBUG_INFORMATION_FORMAT = "dwarf-with-dsym";
				ENABLE_NS_ASSERTIONS = NO;
				ENABLE_STRICT_OBJC_MSGSEND = YES;
				GCC_C_LANGUAGE_STANDARD = gnu11;
				GCC_NO_COMMON_BLOCKS = YES;
				GCC_WARN_64_TO_32_BIT_CONVERSION = YES;
				GCC_WARN_ABOUT_RETURN_TYPE = YES_ERROR;
				GCC_WARN_UNDECLARED_SELECTOR = YES;
				GCC_WARN_UNINITIALIZED_AUTOS = YES_AGGRESSIVE;
				GCC_WARN_UNUSED_FUNCTION = YES;
				GCC_WARN_UNUSED_VARIABLE = YES;
				IPHONEOS_DEPLOYMENT_TARGET = 16.0;
				MTL_ENABLE_DEBUG_INFO = NO;
				MTL_FAST_MATH = YES;
				SDKROOT = iphoneos;
				SWIFT_COMPILATION_MODE = wholemodule;
				SWIFT_OPTIMIZATION_LEVEL = "-O";
				VALIDATE_PRODUCT = YES;
			};
			name = Release;
		};
		F51193892A97C4E200554604 /* Debug */ = {
			isa = XCBuildConfiguration;
			buildSettings = {
				ASSETCATALOG_COMPILER_APPICON_NAME = AppIcon;
				ASSETCATALOG_COMPILER_GLOBAL_ACCENT_COLOR_NAME = AccentColor;
				ASSETCATALOG_COMPILER_INCLUDE_ALL_APPICON_ASSETS = NO;
				CODE_SIGN_STYLE = Automatic;
				CURRENT_PROJECT_VERSION = 1;
				DEVELOPMENT_ASSET_PATHS = "\"Farepay/Preview Content\"";
				ENABLE_PREVIEWS = YES;
				GENERATE_INFOPLIST_FILE = YES;
				INFOPLIST_FILE = Farepay/Info.plist;
				INFOPLIST_KEY_UIApplicationSceneManifest_Generation = YES;
				INFOPLIST_KEY_UIApplicationSupportsIndirectInputEvents = YES;
				INFOPLIST_KEY_UILaunchScreen_Generation = YES;
				INFOPLIST_KEY_UILaunchStoryboardName = SplashScreen.storyboard;
				INFOPLIST_KEY_UISupportedInterfaceOrientations = UIInterfaceOrientationPortrait;
				IPHONEOS_DEPLOYMENT_TARGET = 16.0;
				LD_RUNPATH_SEARCH_PATHS = (
					"$(inherited)",
					"@executable_path/Frameworks",
				);
				MARKETING_VERSION = 1.0;
				PRODUCT_BUNDLE_IDENTIFIER = com.Farepay.iOS.app.Farepay;
				PRODUCT_NAME = "$(TARGET_NAME)";
				SWIFT_EMIT_LOC_STRINGS = YES;
				SWIFT_VERSION = 5.0;
				TARGETED_DEVICE_FAMILY = "1,2";
			};
			name = Debug;
		};
		F511938A2A97C4E200554604 /* Release */ = {
			isa = XCBuildConfiguration;
			buildSettings = {
				ASSETCATALOG_COMPILER_APPICON_NAME = AppIcon;
				ASSETCATALOG_COMPILER_GLOBAL_ACCENT_COLOR_NAME = AccentColor;
				ASSETCATALOG_COMPILER_INCLUDE_ALL_APPICON_ASSETS = NO;
				CODE_SIGN_STYLE = Automatic;
				CURRENT_PROJECT_VERSION = 1;
				DEVELOPMENT_ASSET_PATHS = "\"Farepay/Preview Content\"";
				ENABLE_PREVIEWS = YES;
				GENERATE_INFOPLIST_FILE = YES;
				INFOPLIST_FILE = Farepay/Info.plist;
				INFOPLIST_KEY_UIApplicationSceneManifest_Generation = YES;
				INFOPLIST_KEY_UIApplicationSupportsIndirectInputEvents = YES;
				INFOPLIST_KEY_UILaunchScreen_Generation = YES;
				INFOPLIST_KEY_UILaunchStoryboardName = SplashScreen.storyboard;
				INFOPLIST_KEY_UISupportedInterfaceOrientations = UIInterfaceOrientationPortrait;
				IPHONEOS_DEPLOYMENT_TARGET = 16.0;
				LD_RUNPATH_SEARCH_PATHS = (
					"$(inherited)",
					"@executable_path/Frameworks",
				);
				MARKETING_VERSION = 1.0;
				PRODUCT_BUNDLE_IDENTIFIER = com.Farepay.iOS.app.Farepay;
				PRODUCT_NAME = "$(TARGET_NAME)";
				SWIFT_EMIT_LOC_STRINGS = YES;
				SWIFT_VERSION = 5.0;
				TARGETED_DEVICE_FAMILY = "1,2";
			};
			name = Release;
		};
/* End XCBuildConfiguration section */

/* Begin XCConfigurationList section */
		F51193752A97C4DF00554604 /* Build configuration list for PBXProject "Farepay" */ = {
			isa = XCConfigurationList;
			buildConfigurations = (
				F51193862A97C4E200554604 /* Debug */,
				F51193872A97C4E200554604 /* Release */,
			);
			defaultConfigurationIsVisible = 0;
			defaultConfigurationName = Release;
		};
		F51193882A97C4E200554604 /* Build configuration list for PBXNativeTarget "Farepay" */ = {
			isa = XCConfigurationList;
			buildConfigurations = (
				F51193892A97C4E200554604 /* Debug */,
				F511938A2A97C4E200554604 /* Release */,
			);
			defaultConfigurationIsVisible = 0;
			defaultConfigurationName = Release;
		};
/* End XCConfigurationList section */
	};
	rootObject = F51193722A97C4DF00554604 /* Project object */;
}
